{
    "name": "make_legit",
    "version": "1.4.11",
    "lockfileVersion": 2,
    "requires": true,
    "packages": {
        "": {
            "name": "make_legit",
            "version": "1.4.11",
            "license": "MIT",
            "dependencies": {
                "check-types": "^11.1.2",
                "clean-deep": "^3.4.0",
                "define_me": "^1.2.7",
                "whats_wrong": "^1.3.1"
            },
            "devDependencies": {}
        },
        "node_modules/check-types": {
            "version": "11.1.2",
            "license": "MIT"
        },
        "node_modules/clean-deep": {
            "version": "3.4.0",
            "license": "MIT",
            "dependencies": {
                "lodash.isempty": "^4.4.0",
                "lodash.isplainobject": "^4.0.6",
                "lodash.transform": "^4.6.0"
            },
            "engines": {
                "node": ">=4"
            }
        },
        "node_modules/define_me": {
            "version": "1.2.12",
            "resolved": "https://registry.npmjs.org/define_me/-/define_me-1.2.12.tgz",
            "integrity": "sha512-v0Ir1Kezegs7y9Y3wgs4qvE1HUI+xJEvv4AdzEVR8pBc6kwXeKH8hW/aGp3vXx5oeVa58sEeWvza5dwnPfaP3w=="
        },
        "node_modules/lodash.isempty": {
            "version": "4.4.0",
            "license": "MIT"
        },
        "node_modules/lodash.isplainobject": {
            "version": "4.0.6",
            "license": "MIT"
        },
        "node_modules/lodash.transform": {
            "version": "4.6.0",
            "license": "MIT"
        },
        "node_modules/whats_wrong": {
            "version": "1.3.4",
            "resolved": "https://registry.npmjs.org/whats_wrong/-/whats_wrong-1.3.4.tgz",
            "integrity": "sha512-MvtZn++IVOKJ29ZnT6PXtj/Qk8YZm3XBtv1nJmODCvm3DioU+7uzEPtwDHsGev1j25+vPvmWYTBMM9o64qYSRQ=="
        }
    },
    "dependencies": {
        "check-types": {
            "version": "11.1.2"
        },
        "clean-deep": {
            "version": "3.4.0",
            "requires": {
                "lodash.isempty": "^4.4.0",
                "lodash.isplainobject": "^4.0.6",
                "lodash.transform": "^4.6.0"
            }
        },
        "define_me": {
            "version": "1.2.12",
            "resolved": "https://registry.npmjs.org/define_me/-/define_me-1.2.12.tgz",
            "integrity": "sha512-v0Ir1Kezegs7y9Y3wgs4qvE1HUI+xJEvv4AdzEVR8pBc6kwXeKH8hW/aGp3vXx5oeVa58sEeWvza5dwnPfaP3w=="
        },
        "lodash.isempty": {
            "version": "4.4.0"
        },
        "lodash.isplainobject": {
            "version": "4.0.6"
        },
        "lodash.transform": {
            "version": "4.6.0"
        },
        "whats_wrong": {
            "version": "1.3.4",
            "resolved": "https://registry.npmjs.org/whats_wrong/-/whats_wrong-1.3.4.tgz",
            "integrity": "sha512-MvtZn++IVOKJ29ZnT6PXtj/Qk8YZm3XBtv1nJmODCvm3DioU+7uzEPtwDHsGev1j25+vPvmWYTBMM9o64qYSRQ=="
        }
    }
}
