{
  "name": "make_legit",
  "version": "1.1.1",
  "lockfileVersion": 2,
  "requires": true,
  "packages": {
    "": {
      "name": "make_legit",
      "version": "1.1.1",
      "license": "MIT",
      "dependencies": {
        "check-types": "^11.1.2",
        "clean-deep": "^3.4.0",
        "define_me": "^1.2.0",
        "when_you_free": "^1.0.7"
      },
      "devDependencies": {}
    },
    "node_modules/check-types": {
      "version": "11.1.2",
      "license": "MIT"
    },
    "node_modules/clean-deep": {
      "version": "3.4.0",
      "license": "MIT",
      "dependencies": {
        "lodash.isempty": "^4.4.0",
        "lodash.isplainobject": "^4.0.6",
        "lodash.transform": "^4.6.0"
      },
      "engines": {
        "node": ">=4"
      }
    },
    "node_modules/define_me": {
      "version": "1.2.0",
      "license": "MIT"
    },
    "node_modules/lodash.isempty": {
      "version": "4.4.0",
      "license": "MIT"
    },
    "node_modules/lodash.isplainobject": {
      "version": "4.0.6",
      "license": "MIT"
    },
    "node_modules/lodash.transform": {
      "version": "4.6.0",
      "license": "MIT"
    },
    "node_modules/moment": {},
    "node_modules/whats_wrong": {},
    "node_modules/when_you_free": {
      "version": "1.0.7",
      "license": "MIT",
      "dependencies": {
        "moment": "^2.29.1",
        "whats_wrong": "^1.0.4"
      }
    }
  },
  "dependencies": {
    "check-types": {
      "version": "11.1.2"
    },
    "clean-deep": {
      "version": "3.4.0",
      "requires": {
        "lodash.isempty": "^4.4.0",
        "lodash.isplainobject": "^4.0.6",
        "lodash.transform": "^4.6.0"
      }
    },
    "define_me": {
      "version": "1.2.0"
    },
    "lodash.isempty": {
      "version": "4.4.0"
    },
    "lodash.isplainobject": {
      "version": "4.0.6"
    },
    "lodash.transform": {
      "version": "4.6.0"
    },
    "moment": {},
    "whats_wrong": {},
    "when_you_free": {
      "version": "1.0.7",
      "requires": {
        "moment": "^2.29.1",
        "whats_wrong": "^1.0.4"
      }
    }
  }
}
